
Microsoft Visual Studio Solution File, Format Version 12.00
# Visual Studio 15
VisualStudioVersion = 15.0.28307.572
MinimumVisualStudioVersion = 10.0.40219.1
Project("{FAE04EC0-301F-11D3-BF4B-00C04F79EFBC}") = "FSSS", "FSSS\FSSS.csproj", "{F386918F-031C-4832-83CB-78C10D68FAF5}"
EndProject
Project("{2150E333-8FDC-42A3-9474-1A3956D46DE8}") = "BLL", "BLL", "{A3211803-A88C-48B2-89E5-A3CFA9F85072}"
EndProject
Project("{2150E333-8FDC-42A3-9474-1A3956D46DE8}") = "DAL", "DAL", "{8C1F68F1-8A4D-4320-9028-C4EF1FF69E3A}"
EndProject
Project("{2150E333-8FDC-42A3-9474-1A3956D46DE8}") = "PL", "PL", "{7FB88AAE-8DAC-40FB-88B8-C7E657AB0D85}"
EndProject
Project("{FAE04EC0-301F-11D3-BF4B-00C04F79EFBC}") = "FSSS.BLL", "FSSS.BLL\FSSS.BLL.csproj", "{84631F38-EE41-456C-8573-2190D5400ECE}"
EndProject
Project("{FAE04EC0-301F-11D3-BF4B-00C04F79EFBC}") = "FSSS.BLL.Interface", "FSSS.BLL.Interface\FSSS.BLL.Interface.csproj", "{72966420-499C-43BF-B9C9-98AFE27AD9B1}"
EndProject
Project("{FAE04EC0-301F-11D3-BF4B-00C04F79EFBC}") = "FSSS.DAL", "FSSS.DAL\FSSS.DAL.csproj", "{1446F77B-26DC-48CF-9B49-3528472AC2A3}"
EndProject
Project("{FAE04EC0-301F-11D3-BF4B-00C04F79EFBC}") = "FSSS.DAL.Interface", "FSSS.DAL.Interface\FSSS.DAL.Interface.csproj", "{B8142830-2A78-49C4-A5E5-6381E9BFD9DC}"
EndProject
Project("{2150E333-8FDC-42A3-9474-1A3956D46DE8}") = "COMMON", "COMMON", "{05689007-6A24-4982-88EA-7001382886B5}"
EndProject
Project("{FAE04EC0-301F-11D3-BF4B-00C04F79EFBC}") = "FSSS.Entities", "FSSS.Entitie\FSSS.Entities.csproj", "{D350C724-57B8-4AE0-93BB-AE37CC220A2A}"
EndProject
Project("{FAE04EC0-301F-11D3-BF4B-00C04F79EFBC}") = "FSSS.COMMON", "FSSS.COMMON\FSSS.COMMON.csproj", "{F0891200-AC77-41AF-BF56-FDA9F381D0DF}"
EndProject
Global
	GlobalSection(SolutionConfigurationPlatforms) = preSolution
		Debug|Any CPU = Debug|Any CPU
		Release|Any CPU = Release|Any CPU
	EndGlobalSection
	GlobalSection(ProjectConfigurationPlatforms) = postSolution
		{F386918F-031C-4832-83CB-78C10D68FAF5}.Debug|Any CPU.ActiveCfg = Debug|Any CPU
		{F386918F-031C-4832-83CB-78C10D68FAF5}.Debug|Any CPU.Build.0 = Debug|Any CPU
		{F386918F-031C-4832-83CB-78C10D68FAF5}.Release|Any CPU.ActiveCfg = Release|Any CPU
		{F386918F-031C-4832-83CB-78C10D68FAF5}.Release|Any CPU.Build.0 = Release|Any CPU
		{84631F38-EE41-456C-8573-2190D5400ECE}.Debug|Any CPU.ActiveCfg = Debug|Any CPU
		{84631F38-EE41-456C-8573-2190D5400ECE}.Debug|Any CPU.Build.0 = Debug|Any CPU
		{84631F38-EE41-456C-8573-2190D5400ECE}.Release|Any CPU.ActiveCfg = Release|Any CPU
		{84631F38-EE41-456C-8573-2190D5400ECE}.Release|Any CPU.Build.0 = Release|Any CPU
		{72966420-499C-43BF-B9C9-98AFE27AD9B1}.Debug|Any CPU.ActiveCfg = Debug|Any CPU
		{72966420-499C-43BF-B9C9-98AFE27AD9B1}.Debug|Any CPU.Build.0 = Debug|Any CPU
		{72966420-499C-43BF-B9C9-98AFE27AD9B1}.Release|Any CPU.ActiveCfg = Release|Any CPU
		{72966420-499C-43BF-B9C9-98AFE27AD9B1}.Release|Any CPU.Build.0 = Release|Any CPU
		{1446F77B-26DC-48CF-9B49-3528472AC2A3}.Debug|Any CPU.ActiveCfg = Debug|Any CPU
		{1446F77B-26DC-48CF-9B49-3528472AC2A3}.Debug|Any CPU.Build.0 = Debug|Any CPU
		{1446F77B-26DC-48CF-9B49-3528472AC2A3}.Release|Any CPU.ActiveCfg = Release|Any CPU
		{1446F77B-26DC-48CF-9B49-3528472AC2A3}.Release|Any CPU.Build.0 = Release|Any CPU
		{B8142830-2A78-49C4-A5E5-6381E9BFD9DC}.Debug|Any CPU.ActiveCfg = Debug|Any CPU
		{B8142830-2A78-49C4-A5E5-6381E9BFD9DC}.Debug|Any CPU.Build.0 = Debug|Any CPU
		{B8142830-2A78-49C4-A5E5-6381E9BFD9DC}.Release|Any CPU.ActiveCfg = Release|Any CPU
		{B8142830-2A78-49C4-A5E5-6381E9BFD9DC}.Release|Any CPU.Build.0 = Release|Any CPU
		{D350C724-57B8-4AE0-93BB-AE37CC220A2A}.Debug|Any CPU.ActiveCfg = Debug|Any CPU
		{D350C724-57B8-4AE0-93BB-AE37CC220A2A}.Debug|Any CPU.Build.0 = Debug|Any CPU
		{D350C724-57B8-4AE0-93BB-AE37CC220A2A}.Release|Any CPU.ActiveCfg = Release|Any CPU
		{D350C724-57B8-4AE0-93BB-AE37CC220A2A}.Release|Any CPU.Build.0 = Release|Any CPU
		{F0891200-AC77-41AF-BF56-FDA9F381D0DF}.Debug|Any CPU.ActiveCfg = Debug|Any CPU
		{F0891200-AC77-41AF-BF56-FDA9F381D0DF}.Debug|Any CPU.Build.0 = Debug|Any CPU
		{F0891200-AC77-41AF-BF56-FDA9F381D0DF}.Release|Any CPU.ActiveCfg = Release|Any CPU
		{F0891200-AC77-41AF-BF56-FDA9F381D0DF}.Release|Any CPU.Build.0 = Release|Any CPU
	EndGlobalSection
	GlobalSection(SolutionProperties) = preSolution
		HideSolutionNode = FALSE
	EndGlobalSection
	GlobalSection(NestedProjects) = preSolution
		{F386918F-031C-4832-83CB-78C10D68FAF5} = {7FB88AAE-8DAC-40FB-88B8-C7E657AB0D85}
		{84631F38-EE41-456C-8573-2190D5400ECE} = {A3211803-A88C-48B2-89E5-A3CFA9F85072}
		{72966420-499C-43BF-B9C9-98AFE27AD9B1} = {A3211803-A88C-48B2-89E5-A3CFA9F85072}
		{1446F77B-26DC-48CF-9B49-3528472AC2A3} = {8C1F68F1-8A4D-4320-9028-C4EF1FF69E3A}
		{B8142830-2A78-49C4-A5E5-6381E9BFD9DC} = {8C1F68F1-8A4D-4320-9028-C4EF1FF69E3A}
		{D350C724-57B8-4AE0-93BB-AE37CC220A2A} = {05689007-6A24-4982-88EA-7001382886B5}
		{F0891200-AC77-41AF-BF56-FDA9F381D0DF} = {05689007-6A24-4982-88EA-7001382886B5}
	EndGlobalSection
	GlobalSection(ExtensibilityGlobals) = postSolution
		SolutionGuid = {1FE647CB-BB4A-4016-B85B-4EB332118CFE}
	EndGlobalSection
EndGlobal
